<?xml version="1.0" encoding="utf-8"?>
<Project ToolsVersion="4.0" xmlns="http://schemas.microsoft.com/developer/msbuild/2003">
  <ItemGroup>
    <Filter Include="Scenes">
      <UniqueIdentifier>{e2d05b00-4834-4641-bec2-c42c9b4bf0e3}</UniqueIdentifier>
    </Filter>
    <Filter Include="Script">
      <UniqueIdentifier>{da376979-2757-48df-90ee-2c11084e18df}</UniqueIdentifier>
    </Filter>
    <Filter Include="Contents">
      <UniqueIdentifier>{2a320237-e57d-45d9-9279-b1ce5d39c363}</UniqueIdentifier>
    </Filter>
  </ItemGroup>
  <ItemGroup>
    <ClInclude Include="YMLoadScenes.h">
      <Filter>Scenes</Filter>
    </ClInclude>
    <ClInclude Include="YMPlayScene.h">
      <Filter>Scenes</Filter>
    </ClInclude>
    <ClInclude Include="YMTitleScene.h">
      <Filter>Scenes</Filter>
    </ClInclude>
    <ClInclude Include="YMPlayerScript.h">
      <Filter>Script</Filter>
    </ClInclude>
    <ClInclude Include="YMPlayer.h">
      <Filter>Contents</Filter>
    </ClInclude>
    <ClInclude Include="YMLoadResources.h">
      <Filter>Scenes</Filter>
    </ClInclude>
    <ClInclude Include="YMCat.h">
      <Filter>Contents</Filter>
    </ClInclude>
    <ClInclude Include="YMCatScript.h">
      <Filter>Script</Filter>
    </ClInclude>
    <ClInclude Include="YMToolScene.h">
      <Filter>Scenes</Filter>
    </ClInclude>
    <ClInclude Include="YMTile.h">
      <Filter>Contents</Filter>
    </ClInclude>
  </ItemGroup>
  <ItemGroup>
    <ClCompile Include="YMPlayScene.cpp">
      <Filter>Scenes</Filter>
    </ClCompile>
    <ClCompile Include="YMTitleScene.cpp">
      <Filter>Scenes</Filter>
    </ClCompile>
    <ClCompile Include="YMPlayerScript.cpp">
      <Filter>Script</Filter>
    </ClCompile>
    <ClCompile Include="YMPlayer.cpp">
      <Filter>Contents</Filter>
    </ClCompile>
    <ClCompile Include="YMCat.cpp">
      <Filter>Contents</Filter>
    </ClCompile>
    <ClCompile Include="YMCatScript.cpp">
      <Filter>Script</Filter>
    </ClCompile>
    <ClCompile Include="YMToolScene.cpp">
      <Filter>Scenes</Filter>
    </ClCompile>
    <ClCompile Include="YMTile.cpp">
      <Filter>Contents</Filter>
    </ClCompile>
  </ItemGroup>
</Project>